
Microsoft Visual Studio Solution File, Format Version 12.00
# Visual Studio 15
VisualStudioVersion = 15.0.27703.2035
MinimumVisualStudioVersion = 10.0.40219.1
Project("{FAE04EC0-301F-11D3-BF4B-00C04F79EFBC}") = "ThesaurusAdministrator", "ThesaurusAdministrator\ThesaurusAdministrator.csproj", "{84023B8F-481D-45F2-892B-96F1DA79C68F}"
EndProject
Global
	GlobalSection(SolutionConfigurationPlatforms) = preSolution
		Debug|Any CPU = Debug|Any CPU
		Release|Any CPU = Release|Any CPU
	EndGlobalSection
	GlobalSection(ProjectConfigurationPlatforms) = postSolution
		{84023B8F-481D-45F2-892B-96F1DA79C68F}.Debug|Any CPU.ActiveCfg = Debug|Any CPU
		{84023B8F-481D-45F2-892B-96F1DA79C68F}.Debug|Any CPU.Build.0 = Debug|Any CPU
		{84023B8F-481D-45F2-892B-96F1DA79C68F}.Release|Any CPU.ActiveCfg = Release|Any CPU
		{84023B8F-481D-45F2-892B-96F1DA79C68F}.Release|Any CPU.Build.0 = Release|Any CPU
	EndGlobalSection
	GlobalSection(SolutionProperties) = preSolution
		HideSolutionNode = FALSE
	EndGlobalSection
	GlobalSection(ExtensibilityGlobals) = postSolution
		SolutionGuid = {EFB35926-841A-4FB9-B76A-05EB05D01C96}
	EndGlobalSection
EndGlobal
