
Microsoft Visual Studio Solution File, Format Version 12.00
# Visual Studio 15
VisualStudioVersion = 15.0.27703.2035
MinimumVisualStudioVersion = 10.0.40219.1
Project("{FAE04EC0-301F-11D3-BF4B-00C04F79EFBC}") = "ThesaurusFinder", "ThesaurusFinder\ThesaurusFinder.csproj", "{27A42A46-9D28-47ED-9AD8-99A795C639F1}"
EndProject
Global
	GlobalSection(SolutionConfigurationPlatforms) = preSolution
		Debug|Any CPU = Debug|Any CPU
		Release|Any CPU = Release|Any CPU
	EndGlobalSection
	GlobalSection(ProjectConfigurationPlatforms) = postSolution
		{27A42A46-9D28-47ED-9AD8-99A795C639F1}.Debug|Any CPU.ActiveCfg = Debug|Any CPU
		{27A42A46-9D28-47ED-9AD8-99A795C639F1}.Debug|Any CPU.Build.0 = Debug|Any CPU
		{27A42A46-9D28-47ED-9AD8-99A795C639F1}.Release|Any CPU.ActiveCfg = Release|Any CPU
		{27A42A46-9D28-47ED-9AD8-99A795C639F1}.Release|Any CPU.Build.0 = Release|Any CPU
	EndGlobalSection
	GlobalSection(SolutionProperties) = preSolution
		HideSolutionNode = FALSE
	EndGlobalSection
	GlobalSection(ExtensibilityGlobals) = postSolution
		SolutionGuid = {54F67B08-C5CE-47F0-91D4-F33C39626000}
	EndGlobalSection
EndGlobal
